
Microsoft Visual Studio Solution File, Format Version 12.00
# Visual Studio 15
VisualStudioVersion = 15.0.27703.2047
MinimumVisualStudioVersion = 10.0.40219.1
Project("{8BC9CEB8-8B4A-11D0-8D11-00A0C91BC942}") = "Nebula", "Nebula\Nebula.vcxproj", "{C47C2D85-FAA0-4F5A-9F47-2A52F2098F33}"
EndProject
Project("{8BC9CEB8-8B4A-11D0-8D11-00A0C91BC942}") = "Nova", "Nova\Nova.vcxproj", "{94AA06F8-D2A4-4D68-9D66-44C5A1FBD96E}"
EndProject
Global
	GlobalSection(SolutionConfigurationPlatforms) = preSolution
		Debug|x64 = Debug|x64
		Release|x64 = Release|x64
	EndGlobalSection
	GlobalSection(ProjectConfigurationPlatforms) = postSolution
		{94AA06F8-D2A4-4D68-9D66-44C5A1FBD96E}.Debug|x64.ActiveCfg = Debug|x64
		{94AA06F8-D2A4-4D68-9D66-44C5A1FBD96E}.Debug|x64.Build.0 = Debug|x64
		{94AA06F8-D2A4-4D68-9D66-44C5A1FBD96E}.Release|x64.ActiveCfg = Release|x64
		{94AA06F8-D2A4-4D68-9D66-44C5A1FBD96E}.Release|x64.Build.0 = Release|x64
		{C47C2D85-FAA0-4F5A-9F47-2A52F2098F33}.Debug|x64.ActiveCfg = Debug|x64
		{C47C2D85-FAA0-4F5A-9F47-2A52F2098F33}.Debug|x64.Build.0 = Debug|x64
		{C47C2D85-FAA0-4F5A-9F47-2A52F2098F33}.Release|x64.ActiveCfg = Release|x64
		{C47C2D85-FAA0-4F5A-9F47-2A52F2098F33}.Release|x64.Build.0 = Release|x64
	EndGlobalSection
	GlobalSection(SolutionProperties) = preSolution
		HideSolutionNode = FALSE
	EndGlobalSection
	GlobalSection(ExtensibilityGlobals) = postSolution
		SolutionGuid = {4287775C-85B8-42EC-A477-08B8D016F485}
	EndGlobalSection
EndGlobal
